// !$*UTF8*$!
{
	archiveVersion = 1;
	classes = {
	};
	objectVersion = 50;
	objects = {

/* Begin PBXBuildFile section */
		B219291223092C0300411EA1 /* Environment.swift in Sources */ = {isa = PBXBuildFile; fileRef = B219291123092C0300411EA1 /* Environment.swift */; };
		B219291423092E2F00411EA1 /* Api.swift in Sources */ = {isa = PBXBuildFile; fileRef = B219291323092E2F00411EA1 /* Api.swift */; };
		B2192916230932FD00411EA1 /* Article.swift in Sources */ = {isa = PBXBuildFile; fileRef = B2192915230932FD00411EA1 /* Article.swift */; };
		B219291823093DBC00411EA1 /* ArticleList.swift in Sources */ = {isa = PBXBuildFile; fileRef = B219291723093DBC00411EA1 /* ArticleList.swift */; };
		B219291A2309BFCC00411EA1 /* Future+Ext.swift in Sources */ = {isa = PBXBuildFile; fileRef = B21929192309BFCC00411EA1 /* Future+Ext.swift */; };
		B219291C2309C29F00411EA1 /* Mocks.swift in Sources */ = {isa = PBXBuildFile; fileRef = B219291B2309C29F00411EA1 /* Mocks.swift */; };
		B28F8C2723091F0C00268A74 /* AppDelegate.swift in Sources */ = {isa = PBXBuildFile; fileRef = B28F8C2623091F0C00268A74 /* AppDelegate.swift */; };
		B28F8C2923091F0C00268A74 /* SceneDelegate.swift in Sources */ = {isa = PBXBuildFile; fileRef = B28F8C2823091F0C00268A74 /* SceneDelegate.swift */; };
		B28F8C2B23091F0C00268A74 /* ContentView.swift in Sources */ = {isa = PBXBuildFile; fileRef = B28F8C2A23091F0C00268A74 /* ContentView.swift */; };
		B28F8C2D23091F1100268A74 /* Assets.xcassets in Resources */ = {isa = PBXBuildFile; fileRef = B28F8C2C23091F1100268A74 /* Assets.xcassets */; };
		B28F8C3023091F1100268A74 /* Preview Assets.xcassets in Resources */ = {isa = PBXBuildFile; fileRef = B28F8C2F23091F1100268A74 /* Preview Assets.xcassets */; };
		B28F8C3323091F1100268A74 /* LaunchScreen.storyboard in Resources */ = {isa = PBXBuildFile; fileRef = B28F8C3123091F1100268A74 /* LaunchScreen.storyboard */; };
		B28F8C3E23091F1100268A74 /* ConduitTests.swift in Sources */ = {isa = PBXBuildFile; fileRef = B28F8C3D23091F1100268A74 /* ConduitTests.swift */; };
/* End PBXBuildFile section */

/* Begin PBXContainerItemProxy section */
		B28F8C3A23091F1100268A74 /* PBXContainerItemProxy */ = {
			isa = PBXContainerItemProxy;
			containerPortal = B28F8C1B23091F0C00268A74 /* Project object */;
			proxyType = 1;
			remoteGlobalIDString = B28F8C2223091F0C00268A74;
			remoteInfo = Conduit;
		};
/* End PBXContainerItemProxy section */

/* Begin PBXFileReference section */
		B219291123092C0300411EA1 /* Environment.swift */ = {isa = PBXFileReference; lastKnownFileType = sourcecode.swift; path = Environment.swift; sourceTree = "<group>"; };
		B219291323092E2F00411EA1 /* Api.swift */ = {isa = PBXFileReference; lastKnownFileType = sourcecode.swift; path = Api.swift; sourceTree = "<group>"; };
		B2192915230932FD00411EA1 /* Article.swift */ = {isa = PBXFileReference; lastKnownFileType = sourcecode.swift; path = Article.swift; sourceTree = "<group>"; };
		B219291723093DBC00411EA1 /* ArticleList.swift */ = {isa = PBXFileReference; lastKnownFileType = sourcecode.swift; path = ArticleList.swift; sourceTree = "<group>"; };
		B21929192309BFCC00411EA1 /* Future+Ext.swift */ = {isa = PBXFileReference; lastKnownFileType = sourcecode.swift; path = "Future+Ext.swift"; sourceTree = "<group>"; };
		B219291B2309C29F00411EA1 /* Mocks.swift */ = {isa = PBXFileReference; lastKnownFileType = sourcecode.swift; path = Mocks.swift; sourceTree = "<group>"; };
		B28F8C2323091F0C00268A74 /* Conduit.app */ = {isa = PBXFileReference; explicitFileType = wrapper.application; includeInIndex = 0; path = Conduit.app; sourceTree = BUILT_PRODUCTS_DIR; };
		B28F8C2623091F0C00268A74 /* AppDelegate.swift */ = {isa = PBXFileReference; lastKnownFileType = sourcecode.swift; path = AppDelegate.swift; sourceTree = "<group>"; };
		B28F8C2823091F0C00268A74 /* SceneDelegate.swift */ = {isa = PBXFileReference; lastKnownFileType = sourcecode.swift; path = SceneDelegate.swift; sourceTree = "<group>"; };
		B28F8C2A23091F0C00268A74 /* ContentView.swift */ = {isa = PBXFileReference; lastKnownFileType = sourcecode.swift; path = ContentView.swift; sourceTree = "<group>"; };
		B28F8C2C23091F1100268A74 /* Assets.xcassets */ = {isa = PBXFileReference; lastKnownFileType = folder.assetcatalog; path = Assets.xcassets; sourceTree = "<group>"; };
		B28F8C2F23091F1100268A74 /* Preview Assets.xcassets */ = {isa = PBXFileReference; lastKnownFileType = folder.assetcatalog; path = "Preview Assets.xcassets"; sourceTree = "<group>"; };
		B28F8C3223091F1100268A74 /* Base */ = {isa = PBXFileReference; lastKnownFileType = file.storyboard; name = Base; path = Base.lproj/LaunchScreen.storyboard; sourceTree = "<group>"; };
		B28F8C3423091F1100268A74 /* Info.plist */ = {isa = PBXFileReference; lastKnownFileType = text.plist.xml; path = Info.plist; sourceTree = "<group>"; };
		B28F8C3923091F1100268A74 /* ConduitTests.xctest */ = {isa = PBXFileReference; explicitFileType = wrapper.cfbundle; includeInIndex = 0; path = ConduitTests.xctest; sourceTree = BUILT_PRODUCTS_DIR; };
		B28F8C3D23091F1100268A74 /* ConduitTests.swift */ = {isa = PBXFileReference; lastKnownFileType = sourcecode.swift; path = ConduitTests.swift; sourceTree = "<group>"; };
		B28F8C3F23091F1100268A74 /* Info.plist */ = {isa = PBXFileReference; lastKnownFileType = text.plist.xml; path = Info.plist; sourceTree = "<group>"; };
/* End PBXFileReference section */

/* Begin PBXFrameworksBuildPhase section */
		B28F8C2023091F0C00268A74 /* Frameworks */ = {
			isa = PBXFrameworksBuildPhase;
			buildActionMask = 2147483647;
			files = (
			);
			runOnlyForDeploymentPostprocessing = 0;
		};
		B28F8C3623091F1100268A74 /* Frameworks */ = {
			isa = PBXFrameworksBuildPhase;
			buildActionMask = 2147483647;
			files = (
			);
			runOnlyForDeploymentPostprocessing = 0;
		};
/* End PBXFrameworksBuildPhase section */

/* Begin PBXGroup section */
		B28F8C1A23091F0C00268A74 = {
			isa = PBXGroup;
			children = (
				B28F8C2523091F0C00268A74 /* Conduit */,
				B28F8C3C23091F1100268A74 /* ConduitTests */,
				B28F8C2423091F0C00268A74 /* Products */,
			);
			sourceTree = "<group>";
		};
		B28F8C2423091F0C00268A74 /* Products */ = {
			isa = PBXGroup;
			children = (
				B28F8C2323091F0C00268A74 /* Conduit.app */,
				B28F8C3923091F1100268A74 /* ConduitTests.xctest */,
			);
			name = Products;
			sourceTree = "<group>";
		};
		B28F8C2523091F0C00268A74 /* Conduit */ = {
			isa = PBXGroup;
			children = (
				B28F8C2623091F0C00268A74 /* AppDelegate.swift */,
				B28F8C2823091F0C00268A74 /* SceneDelegate.swift */,
				B28F8C2A23091F0C00268A74 /* ContentView.swift */,
				B28F8C2C23091F1100268A74 /* Assets.xcassets */,
				B28F8C3123091F1100268A74 /* LaunchScreen.storyboard */,
				B28F8C3423091F1100268A74 /* Info.plist */,
				B28F8C2E23091F1100268A74 /* Preview Content */,
				B219291123092C0300411EA1 /* Environment.swift */,
				B219291323092E2F00411EA1 /* Api.swift */,
				B2192915230932FD00411EA1 /* Article.swift */,
				B219291723093DBC00411EA1 /* ArticleList.swift */,
				B21929192309BFCC00411EA1 /* Future+Ext.swift */,
				B219291B2309C29F00411EA1 /* Mocks.swift */,
			);
			path = Conduit;
			sourceTree = "<group>";
		};
		B28F8C2E23091F1100268A74 /* Preview Content */ = {
			isa = PBXGroup;
			children = (
				B28F8C2F23091F1100268A74 /* Preview Assets.xcassets */,
			);
			path = "Preview Content";
			sourceTree = "<group>";
		};
		B28F8C3C23091F1100268A74 /* ConduitTests */ = {
			isa = PBXGroup;
			children = (
				B28F8C3D23091F1100268A74 /* ConduitTests.swift */,
				B28F8C3F23091F1100268A74 /* Info.plist */,
			);
			path = ConduitTests;
			sourceTree = "<group>";
		};
/* End PBXGroup section */

/* Begin PBXNativeTarget section */
		B28F8C2223091F0C00268A74 /* Conduit */ = {
			isa = PBXNativeTarget;
			buildConfigurationList = B28F8C4223091F1100268A74 /* Build configuration list for PBXNativeTarget "Conduit" */;
			buildPhases = (
				B28F8C1F23091F0C00268A74 /* Sources */,
				B28F8C2023091F0C00268A74 /* Frameworks */,
				B28F8C2123091F0C00268A74 /* Resources */,
			);
			buildRules = (
			);
			dependencies = (
			);
			name = Conduit;
			productName = Conduit;
			productReference = B28F8C2323091F0C00268A74 /* Conduit.app */;
			productType = "com.apple.product-type.application";
		};
		B28F8C3823091F1100268A74 /* ConduitTests */ = {
			isa = PBXNativeTarget;
			buildConfigurationList = B28F8C4523091F1100268A74 /* Build configuration list for PBXNativeTarget "ConduitTests" */;
			buildPhases = (
				B28F8C3523091F1100268A74 /* Sources */,
				B28F8C3623091F1100268A74 /* Frameworks */,
				B28F8C3723091F1100268A74 /* Resources */,
			);
			buildRules = (
			);
			dependencies = (
				B28F8C3B23091F1100268A74 /* PBXTargetDependency */,
			);
			name = ConduitTests;
			productName = ConduitTests;
			productReference = B28F8C3923091F1100268A74 /* ConduitTests.xctest */;
			productType = "com.apple.product-type.bundle.unit-test";
		};
/* End PBXNativeTarget section */

/* Begin PBXProject section */
		B28F8C1B23091F0C00268A74 /* Project object */ = {
			isa = PBXProject;
			attributes = {
				LastSwiftUpdateCheck = 1100;
				LastUpgradeCheck = 1100;
				ORGANIZATIONNAME = "Grzegorz Raciborski";
				TargetAttributes = {
					B28F8C2223091F0C00268A74 = {
						CreatedOnToolsVersion = 11.0;
					};
					B28F8C3823091F1100268A74 = {
						CreatedOnToolsVersion = 11.0;
						TestTargetID = B28F8C2223091F0C00268A74;
					};
				};
			};
			buildConfigurationList = B28F8C1E23091F0C00268A74 /* Build configuration list for PBXProject "Conduit" */;
			compatibilityVersion = "Xcode 9.3";
			developmentRegion = en;
			hasScannedForEncodings = 0;
			knownRegions = (
				en,
				Base,
			);
			mainGroup = B28F8C1A23091F0C00268A74;
			productRefGroup = B28F8C2423091F0C00268A74 /* Products */;
			projectDirPath = "";
			projectRoot = "";
			targets = (
				B28F8C2223091F0C00268A74 /* Conduit */,
				B28F8C3823091F1100268A74 /* ConduitTests */,
			);
		};
/* End PBXProject section */

/* Begin PBXResourcesBuildPhase section */
		B28F8C2123091F0C00268A74 /* Resources */ = {
			isa = PBXResourcesBuildPhase;
			buildActionMask = 2147483647;
			files = (
				B28F8C3323091F1100268A74 /* LaunchScreen.storyboard in Resources */,
				B28F8C3023091F1100268A74 /* Preview Assets.xcassets in Resources */,
				B28F8C2D23091F1100268A74 /* Assets.xcassets in Resources */,
			);
			runOnlyForDeploymentPostprocessing = 0;
		};
		B28F8C3723091F1100268A74 /* Resources */ = {
			isa = PBXResourcesBuildPhase;
			buildActionMask = 2147483647;
			files = (
			);
			runOnlyForDeploymentPostprocessing = 0;
		};
/* End PBXResourcesBuildPhase section */

/* Begin PBXSourcesBuildPhase section */
		B28F8C1F23091F0C00268A74 /* Sources */ = {
			isa = PBXSourcesBuildPhase;
			buildActionMask = 2147483647;
			files = (
				B28F8C2723091F0C00268A74 /* AppDelegate.swift in Sources */,
				B219291223092C0300411EA1 /* Environment.swift in Sources */,
				B219291A2309BFCC00411EA1 /* Future+Ext.swift in Sources */,
				B2192916230932FD00411EA1 /* Article.swift in Sources */,
				B219291823093DBC00411EA1 /* ArticleList.swift in Sources */,
				B219291C2309C29F00411EA1 /* Mocks.swift in Sources */,
				B28F8C2923091F0C00268A74 /* SceneDelegate.swift in Sources */,
				B219291423092E2F00411EA1 /* Api.swift in Sources */,
				B28F8C2B23091F0C00268A74 /* ContentView.swift in Sources */,
			);
			runOnlyForDeploymentPostprocessing = 0;
		};
		B28F8C3523091F1100268A74 /* Sources */ = {
			isa = PBXSourcesBuildPhase;
			buildActionMask = 2147483647;
			files = (
				B28F8C3E23091F1100268A74 /* ConduitTests.swift in Sources */,
			);
			runOnlyForDeploymentPostprocessing = 0;
		};
/* End PBXSourcesBuildPhase section */

/* Begin PBXTargetDependency section */
		B28F8C3B23091F1100268A74 /* PBXTargetDependency */ = {
			isa = PBXTargetDependency;
			target = B28F8C2223091F0C00268A74 /* Conduit */;
			targetProxy = B28F8C3A23091F1100268A74 /* PBXContainerItemProxy */;
		};
/* End PBXTargetDependency section */

/* Begin PBXVariantGroup section */
		B28F8C3123091F1100268A74 /* LaunchScreen.storyboard */ = {
			isa = PBXVariantGroup;
			children = (
				B28F8C3223091F1100268A74 /* Base */,
			);
			name = LaunchScreen.storyboard;
			sourceTree = "<group>";
		};
/* End PBXVariantGroup section */

/* Begin XCBuildConfiguration section */
		B28F8C4023091F1100268A74 /* Debug */ = {
			isa = XCBuildConfiguration;
			buildSettings = {
				ALWAYS_SEARCH_USER_PATHS = NO;
				CLANG_ANALYZER_NONNULL = YES;
				CLANG_ANALYZER_NUMBER_OBJECT_CONVERSION = YES_AGGRESSIVE;
				CLANG_CXX_LANGUAGE_STANDARD = "gnu++14";
				CLANG_CXX_LIBRARY = "libc++";
				CLANG_ENABLE_MODULES = YES;
				CLANG_ENABLE_OBJC_ARC = YES;
				CLANG_ENABLE_OBJC_WEAK = YES;
				CLANG_WARN_BLOCK_CAPTURE_AUTORELEASING = YES;
				CLANG_WARN_BOOL_CONVERSION = YES;
				CLANG_WARN_COMMA = YES;
				CLANG_WARN_CONSTANT_CONVERSION = YES;
				CLANG_WARN_DEPRECATED_OBJC_IMPLEMENTATIONS = YES;
				CLANG_WARN_DIRECT_OBJC_ISA_USAGE = YES_ERROR;
				CLANG_WARN_DOCUMENTATION_COMMENTS = YES;
				CLANG_WARN_EMPTY_BODY = YES;
				CLANG_WARN_ENUM_CONVERSION = YES;
				CLANG_WARN_INFINITE_RECURSION = YES;
				CLANG_WARN_INT_CONVERSION = YES;
				CLANG_WARN_NON_LITERAL_NULL_CONVERSION = YES;
				CLANG_WARN_OBJC_IMPLICIT_RETAIN_SELF = YES;
				CLANG_WARN_OBJC_LITERAL_CONVERSION = YES;
				CLANG_WARN_OBJC_ROOT_CLASS = YES_ERROR;
				CLANG_WARN_RANGE_LOOP_ANALYSIS = YES;
				CLANG_WARN_STRICT_PROTOTYPES = YES;
				CLANG_WARN_SUSPICIOUS_MOVE = YES;
				CLANG_WARN_UNGUARDED_AVAILABILITY = YES_AGGRESSIVE;
				CLANG_WARN_UNREACHABLE_CODE = YES;
				CLANG_WARN__DUPLICATE_METHOD_MATCH = YES;
				COPY_PHASE_STRIP = NO;
				DEBUG_INFORMATION_FORMAT = dwarf;
				ENABLE_STRICT_OBJC_MSGSEND = YES;
				ENABLE_TESTABILITY = YES;
				GCC_C_LANGUAGE_STANDARD = gnu11;
				GCC_DYNAMIC_NO_PIC = NO;
				GCC_NO_COMMON_BLOCKS = YES;
				GCC_OPTIMIZATION_LEVEL = 0;
				GCC_PREPROCESSOR_DEFINITIONS = (
					"DEBUG=1",
					"$(inherited)",
				);
				GCC_WARN_64_TO_32_BIT_CONVERSION = YES;
				GCC_WARN_ABOUT_RETURN_TYPE = YES_ERROR;
				GCC_WARN_UNDECLARED_SELECTOR = YES;
				GCC_WARN_UNINITIALIZED_AUTOS = YES_AGGRESSIVE;
				GCC_WARN_UNUSED_FUNCTION = YES;
				GCC_WARN_UNUSED_VARIABLE = YES;
				IPHONEOS_DEPLOYMENT_TARGET = 13.0;
				MTL_ENABLE_DEBUG_INFO = INCLUDE_SOURCE;
				MTL_FAST_MATH = YES;
				ONLY_ACTIVE_ARCH = YES;
				SDKROOT = iphoneos;
				SWIFT_ACTIVE_COMPILATION_CONDITIONS = DEBUG;
				SWIFT_OPTIMIZATION_LEVEL = "-Onone";
			};
			name = Debug;
		};
		B28F8C4123091F1100268A74 /* Release */ = {
			isa = XCBuildConfiguration;
			buildSettings = {
				ALWAYS_SEARCH_USER_PATHS = NO;
				CLANG_ANALYZER_NONNULL = YES;
				CLANG_ANALYZER_NUMBER_OBJECT_CONVERSION = YES_AGGRESSIVE;
				CLANG_CXX_LANGUAGE_STANDARD = "gnu++14";
				CLANG_CXX_LIBRARY = "libc++";
				CLANG_ENABLE_MODULES = YES;
				CLANG_ENABLE_OBJC_ARC = YES;
				CLANG_ENABLE_OBJC_WEAK = YES;
				CLANG_WARN_BLOCK_CAPTURE_AUTORELEASING = YES;
				CLANG_WARN_BOOL_CONVERSION = YES;
				CLANG_WARN_COMMA = YES;
				CLANG_WARN_CONSTANT_CONVERSION = YES;
				CLANG_WARN_DEPRECATED_OBJC_IMPLEMENTATIONS = YES;
				CLANG_WARN_DIRECT_OBJC_ISA_USAGE = YES_ERROR;
				CLANG_WARN_DOCUMENTATION_COMMENTS = YES;
				CLANG_WARN_EMPTY_BODY = YES;
				CLANG_WARN_ENUM_CONVERSION = YES;
				CLANG_WARN_INFINITE_RECURSION = YES;
				CLANG_WARN_INT_CONVERSION = YES;
				CLANG_WARN_NON_LITERAL_NULL_CONVERSION = YES;
				CLANG_WARN_OBJC_IMPLICIT_RETAIN_SELF = YES;
				CLANG_WARN_OBJC_LITERAL_CONVERSION = YES;
				CLANG_WARN_OBJC_ROOT_CLASS = YES_ERROR;
				CLANG_WARN_RANGE_LOOP_ANALYSIS = YES;
				CLANG_WARN_STRICT_PROTOTYPES = YES;
				CLANG_WARN_SUSPICIOUS_MOVE = YES;
				CLANG_WARN_UNGUARDED_AVAILABILITY = YES_AGGRESSIVE;
				CLANG_WARN_UNREACHABLE_CODE = YES;
				CLANG_WARN__DUPLICATE_METHOD_MATCH = YES;
				COPY_PHASE_STRIP = NO;
				DEBUG_INFORMATION_FORMAT = "dwarf-with-dsym";
				ENABLE_NS_ASSERTIONS = NO;
				ENABLE_STRICT_OBJC_MSGSEND = YES;
				GCC_C_LANGUAGE_STANDARD = gnu11;
				GCC_NO_COMMON_BLOCKS = YES;
				GCC_WARN_64_TO_32_BIT_CONVERSION = YES;
				GCC_WARN_ABOUT_RETURN_TYPE = YES_ERROR;
				GCC_WARN_UNDECLARED_SELECTOR = YES;
				GCC_WARN_UNINITIALIZED_AUTOS = YES_AGGRESSIVE;
				GCC_WARN_UNUSED_FUNCTION = YES;
				GCC_WARN_UNUSED_VARIABLE = YES;
				IPHONEOS_DEPLOYMENT_TARGET = 13.0;
				MTL_ENABLE_DEBUG_INFO = NO;
				MTL_FAST_MATH = YES;
				SDKROOT = iphoneos;
				SWIFT_COMPILATION_MODE = wholemodule;
				SWIFT_OPTIMIZATION_LEVEL = "-O";
				VALIDATE_PRODUCT = YES;
			};
			name = Release;
		};
		B28F8C4323091F1100268A74 /* Debug */ = {
			isa = XCBuildConfiguration;
			buildSettings = {
				ASSETCATALOG_COMPILER_APPICON_NAME = AppIcon;
				CODE_SIGN_STYLE = Automatic;
				DEVELOPMENT_ASSET_PATHS = "Conduit/Preview\\ Content";
				ENABLE_PREVIEWS = YES;
				INFOPLIST_FILE = Conduit/Info.plist;
				LD_RUNPATH_SEARCH_PATHS = (
					"$(inherited)",
					"@executable_path/Frameworks",
				);
				PRODUCT_BUNDLE_IDENTIFIER = graciborski.Conduit;
				PRODUCT_NAME = "$(TARGET_NAME)";
				SWIFT_VERSION = 5.0;
				TARGETED_DEVICE_FAMILY = "1,2";
			};
			name = Debug;
		};
		B28F8C4423091F1100268A74 /* Release */ = {
			isa = XCBuildConfiguration;
			buildSettings = {
				ASSETCATALOG_COMPILER_APPICON_NAME = AppIcon;
				CODE_SIGN_STYLE = Automatic;
				DEVELOPMENT_ASSET_PATHS = "Conduit/Preview\\ Content";
				ENABLE_PREVIEWS = YES;
				INFOPLIST_FILE = Conduit/Info.plist;
				LD_RUNPATH_SEARCH_PATHS = (
					"$(inherited)",
					"@executable_path/Frameworks",
				);
				PRODUCT_BUNDLE_IDENTIFIER = graciborski.Conduit;
				PRODUCT_NAME = "$(TARGET_NAME)";
				SWIFT_VERSION = 5.0;
				TARGETED_DEVICE_FAMILY = "1,2";
			};
			name = Release;
		};
		B28F8C4623091F1100268A74 /* Debug */ = {
			isa = XCBuildConfiguration;
			buildSettings = {
				ALWAYS_EMBED_SWIFT_STANDARD_LIBRARIES = YES;
				BUNDLE_LOADER = "$(TEST_HOST)";
				CODE_SIGN_STYLE = Automatic;
				INFOPLIST_FILE = ConduitTests/Info.plist;
				LD_RUNPATH_SEARCH_PATHS = (
					"$(inherited)",
					"@executable_path/Frameworks",
					"@loader_path/Frameworks",
				);
				PRODUCT_BUNDLE_IDENTIFIER = graciborski.ConduitTests;
				PRODUCT_NAME = "$(TARGET_NAME)";
				SWIFT_VERSION = 5.0;
				TARGETED_DEVICE_FAMILY = "1,2";
				TEST_HOST = "$(BUILT_PRODUCTS_DIR)/Conduit.app/Conduit";
			};
			name = Debug;
		};
		B28F8C4723091F1100268A74 /* Release */ = {
			isa = XCBuildConfiguration;
			buildSettings = {
				ALWAYS_EMBED_SWIFT_STANDARD_LIBRARIES = YES;
				BUNDLE_LOADER = "$(TEST_HOST)";
				CODE_SIGN_STYLE = Automatic;
				INFOPLIST_FILE = ConduitTests/Info.plist;
				LD_RUNPATH_SEARCH_PATHS = (
					"$(inherited)",
					"@executable_path/Frameworks",
					"@loader_path/Frameworks",
				);
				PRODUCT_BUNDLE_IDENTIFIER = graciborski.ConduitTests;
				PRODUCT_NAME = "$(TARGET_NAME)";
				SWIFT_VERSION = 5.0;
				TARGETED_DEVICE_FAMILY = "1,2";
				TEST_HOST = "$(BUILT_PRODUCTS_DIR)/Conduit.app/Conduit";
			};
			name = Release;
		};
/* End XCBuildConfiguration section */

/* Begin XCConfigurationList section */
		B28F8C1E23091F0C00268A74 /* Build configuration list for PBXProject "Conduit" */ = {
			isa = XCConfigurationList;
			buildConfigurations = (
				B28F8C4023091F1100268A74 /* Debug */,
				B28F8C4123091F1100268A74 /* Release */,
			);
			defaultConfigurationIsVisible = 0;
			defaultConfigurationName = Release;
		};
		B28F8C4223091F1100268A74 /* Build configuration list for PBXNativeTarget "Conduit" */ = {
			isa = XCConfigurationList;
			buildConfigurations = (
				B28F8C4323091F1100268A74 /* Debug */,
				B28F8C4423091F1100268A74 /* Release */,
			);
			defaultConfigurationIsVisible = 0;
			defaultConfigurationName = Release;
		};
		B28F8C4523091F1100268A74 /* Build configuration list for PBXNativeTarget "ConduitTests" */ = {
			isa = XCConfigurationList;
			buildConfigurations = (
				B28F8C4623091F1100268A74 /* Debug */,
				B28F8C4723091F1100268A74 /* Release */,
			);
			defaultConfigurationIsVisible = 0;
			defaultConfigurationName = Release;
		};
/* End XCConfigurationList section */
	};
	rootObject = B28F8C1B23091F0C00268A74 /* Project object */;
}
